// !$*UTF8*$!
{
	archiveVersion = 1;
	classes = {
	};
	objectVersion = 50;
	objects = {

/* Begin PBXBuildFile section */
		A002E7362268A26A00029FA4 /* AppDelegate.m in Sources */ = {isa = PBXBuildFile; fileRef = A002E7352268A26A00029FA4 /* AppDelegate.m */; };
		A002E7392268A26A00029FA4 /* ViewController.m in Sources */ = {isa = PBXBuildFile; fileRef = A002E7382268A26A00029FA4 /* ViewController.m */; };
		A002E73C2268A26A00029FA4 /* Main.storyboard in Resources */ = {isa = PBXBuildFile; fileRef = A002E73A2268A26A00029FA4 /* Main.storyboard */; };
		A002E73E2268A26E00029FA4 /* Assets.xcassets in Resources */ = {isa = PBXBuildFile; fileRef = A002E73D2268A26E00029FA4 /* Assets.xcassets */; };
		A002E7412268A26E00029FA4 /* LaunchScreen.storyboard in Resources */ = {isa = PBXBuildFile; fileRef = A002E73F2268A26E00029FA4 /* LaunchScreen.storyboard */; };
		A002E7442268A26E00029FA4 /* main.m in Sources */ = {isa = PBXBuildFile; fileRef = A002E7432268A26E00029FA4 /* main.m */; };
		A01C77C92274410B00EB019C /* UILabelViewController.m in Sources */ = {isa = PBXBuildFile; fileRef = A01C77C82274410B00EB019C /* UILabelViewController.m */; };
		A01C77CC22747BD500EB019C /* UIImageViewController.m in Sources */ = {isa = PBXBuildFile; fileRef = A01C77CB22747BD500EB019C /* UIImageViewController.m */; };
		A01C77CE2275994B00EB019C /* obama.jpg in Resources */ = {isa = PBXBuildFile; fileRef = A01C77CD2275994A00EB019C /* obama.jpg */; };
		A01C77D92276D46D00EB019C /* gif.gif in Resources */ = {isa = PBXBuildFile; fileRef = A01C77D82276D46D00EB019C /* gif.gif */; };
		A01C77DC227729E400EB019C /* UIImageViewController2.m in Sources */ = {isa = PBXBuildFile; fileRef = A01C77DB227729E400EB019C /* UIImageViewController2.m */; };
		A01C77E22277E53A00EB019C /* Documents3.png in Resources */ = {isa = PBXBuildFile; fileRef = A01C77DD2277E53A00EB019C /* Documents3.png */; };
		A01C77E32277E53A00EB019C /* Documents5.png in Resources */ = {isa = PBXBuildFile; fileRef = A01C77DE2277E53A00EB019C /* Documents5.png */; };
		A01C77E42277E53A00EB019C /* Documents4.png in Resources */ = {isa = PBXBuildFile; fileRef = A01C77DF2277E53A00EB019C /* Documents4.png */; };
		A01C77E52277E53A00EB019C /* Documents2.png in Resources */ = {isa = PBXBuildFile; fileRef = A01C77E02277E53A00EB019C /* Documents2.png */; };
		A01C77E62277E53A00EB019C /* Documents1.png in Resources */ = {isa = PBXBuildFile; fileRef = A01C77E12277E53A00EB019C /* Documents1.png */; };
		A023BEB4226B34A700DD92A9 /* UiView.m in Sources */ = {isa = PBXBuildFile; fileRef = A023BEB3226B34A700DD92A9 /* UiView.m */; };
/* End PBXBuildFile section */

/* Begin PBXFileReference section */
		A002E7312268A26A00029FA4 /* IOS界面.app */ = {isa = PBXFileReference; explicitFileType = wrapper.application; includeInIndex = 0; path = "IOS界面.app"; sourceTree = BUILT_PRODUCTS_DIR; };
		A002E7342268A26A00029FA4 /* AppDelegate.h */ = {isa = PBXFileReference; lastKnownFileType = sourcecode.c.h; path = AppDelegate.h; sourceTree = "<group>"; };
		A002E7352268A26A00029FA4 /* AppDelegate.m */ = {isa = PBXFileReference; lastKnownFileType = sourcecode.c.objc; path = AppDelegate.m; sourceTree = "<group>"; };
		A002E7372268A26A00029FA4 /* ViewController.h */ = {isa = PBXFileReference; lastKnownFileType = sourcecode.c.h; path = ViewController.h; sourceTree = "<group>"; };
		A002E7382268A26A00029FA4 /* ViewController.m */ = {isa = PBXFileReference; lastKnownFileType = sourcecode.c.objc; path = ViewController.m; sourceTree = "<group>"; };
		A002E73B2268A26A00029FA4 /* Base */ = {isa = PBXFileReference; lastKnownFileType = file.storyboard; name = Base; path = Base.lproj/Main.storyboard; sourceTree = "<group>"; };
		A002E73D2268A26E00029FA4 /* Assets.xcassets */ = {isa = PBXFileReference; lastKnownFileType = folder.assetcatalog; path = Assets.xcassets; sourceTree = "<group>"; };
		A002E7402268A26E00029FA4 /* Base */ = {isa = PBXFileReference; lastKnownFileType = file.storyboard; name = Base; path = Base.lproj/LaunchScreen.storyboard; sourceTree = "<group>"; };
		A002E7422268A26E00029FA4 /* Info.plist */ = {isa = PBXFileReference; lastKnownFileType = text.plist.xml; path = Info.plist; sourceTree = "<group>"; };
		A002E7432268A26E00029FA4 /* main.m */ = {isa = PBXFileReference; lastKnownFileType = sourcecode.c.objc; path = main.m; sourceTree = "<group>"; };
		A01C77C72274410B00EB019C /* UILabelViewController.h */ = {isa = PBXFileReference; lastKnownFileType = sourcecode.c.h; path = UILabelViewController.h; sourceTree = "<group>"; };
		A01C77C82274410B00EB019C /* UILabelViewController.m */ = {isa = PBXFileReference; lastKnownFileType = sourcecode.c.objc; path = UILabelViewController.m; sourceTree = "<group>"; };
		A01C77CA22747BD500EB019C /* UIImageViewController.h */ = {isa = PBXFileReference; lastKnownFileType = sourcecode.c.h; path = UIImageViewController.h; sourceTree = "<group>"; };
		A01C77CB22747BD500EB019C /* UIImageViewController.m */ = {isa = PBXFileReference; lastKnownFileType = sourcecode.c.objc; path = UIImageViewController.m; sourceTree = "<group>"; };
		A01C77CD2275994A00EB019C /* obama.jpg */ = {isa = PBXFileReference; lastKnownFileType = image.jpeg; path = obama.jpg; sourceTree = "<group>"; };
		A01C77D82276D46D00EB019C /* gif.gif */ = {isa = PBXFileReference; lastKnownFileType = image.gif; path = gif.gif; sourceTree = "<group>"; };
		A01C77DA227729E400EB019C /* UIImageViewController2.h */ = {isa = PBXFileReference; lastKnownFileType = sourcecode.c.h; path = UIImageViewController2.h; sourceTree = "<group>"; };
		A01C77DB227729E400EB019C /* UIImageViewController2.m */ = {isa = PBXFileReference; lastKnownFileType = sourcecode.c.objc; path = UIImageViewController2.m; sourceTree = "<group>"; };
		A01C77DD2277E53A00EB019C /* Documents3.png */ = {isa = PBXFileReference; lastKnownFileType = image.png; path = Documents3.png; sourceTree = "<group>"; };
		A01C77DE2277E53A00EB019C /* Documents5.png */ = {isa = PBXFileReference; lastKnownFileType = image.png; path = Documents5.png; sourceTree = "<group>"; };
		A01C77DF2277E53A00EB019C /* Documents4.png */ = {isa = PBXFileReference; lastKnownFileType = image.png; path = Documents4.png; sourceTree = "<group>"; };
		A01C77E02277E53A00EB019C /* Documents2.png */ = {isa = PBXFileReference; lastKnownFileType = image.png; path = Documents2.png; sourceTree = "<group>"; };
		A01C77E12277E53A00EB019C /* Documents1.png */ = {isa = PBXFileReference; lastKnownFileType = image.png; path = Documents1.png; sourceTree = "<group>"; };
		A023BEB2226B34A700DD92A9 /* UiView.h */ = {isa = PBXFileReference; lastKnownFileType = sourcecode.c.h; path = UiView.h; sourceTree = "<group>"; };
		A023BEB3226B34A700DD92A9 /* UiView.m */ = {isa = PBXFileReference; lastKnownFileType = sourcecode.c.objc; path = UiView.m; sourceTree = "<group>"; };
/* End PBXFileReference section */

/* Begin PBXFrameworksBuildPhase section */
		A002E72E2268A26A00029FA4 /* Frameworks */ = {
			isa = PBXFrameworksBuildPhase;
			buildActionMask = 2147483647;
			files = (
			);
			runOnlyForDeploymentPostprocessing = 0;
		};
/* End PBXFrameworksBuildPhase section */

/* Begin PBXGroup section */
		A002E7282268A26A00029FA4 = {
			isa = PBXGroup;
			children = (
				A002E7332268A26A00029FA4 /* IOS界面 */,
				A002E7322268A26A00029FA4 /* Products */,
			);
			sourceTree = "<group>";
		};
		A002E7322268A26A00029FA4 /* Products */ = {
			isa = PBXGroup;
			children = (
				A002E7312268A26A00029FA4 /* IOS界面.app */,
			);
			name = Products;
			sourceTree = "<group>";
		};
		A002E7332268A26A00029FA4 /* IOS界面 */ = {
			isa = PBXGroup;
			children = (
				A01C77E12277E53A00EB019C /* Documents1.png */,
				A01C77E02277E53A00EB019C /* Documents2.png */,
				A01C77DD2277E53A00EB019C /* Documents3.png */,
				A01C77DF2277E53A00EB019C /* Documents4.png */,
				A01C77DE2277E53A00EB019C /* Documents5.png */,
				A002E7342268A26A00029FA4 /* AppDelegate.h */,
				A002E7352268A26A00029FA4 /* AppDelegate.m */,
				A01C77D82276D46D00EB019C /* gif.gif */,
				A01C77CD2275994A00EB019C /* obama.jpg */,
				A002E7372268A26A00029FA4 /* ViewController.h */,
				A002E7382268A26A00029FA4 /* ViewController.m */,
				A002E73A2268A26A00029FA4 /* Main.storyboard */,
				A002E73D2268A26E00029FA4 /* Assets.xcassets */,
				A002E73F2268A26E00029FA4 /* LaunchScreen.storyboard */,
				A002E7422268A26E00029FA4 /* Info.plist */,
				A002E7432268A26E00029FA4 /* main.m */,
				A023BEB2226B34A700DD92A9 /* UiView.h */,
				A023BEB3226B34A700DD92A9 /* UiView.m */,
				A01C77C72274410B00EB019C /* UILabelViewController.h */,
				A01C77C82274410B00EB019C /* UILabelViewController.m */,
				A01C77CA22747BD500EB019C /* UIImageViewController.h */,
				A01C77CB22747BD500EB019C /* UIImageViewController.m */,
				A01C77DA227729E400EB019C /* UIImageViewController2.h */,
				A01C77DB227729E400EB019C /* UIImageViewController2.m */,
			);
			path = "IOS界面";
			sourceTree = "<group>";
		};
/* End PBXGroup section */

/* Begin PBXNativeTarget section */
		A002E7302268A26A00029FA4 /* IOS界面 */ = {
			isa = PBXNativeTarget;
			buildConfigurationList = A002E7472268A26E00029FA4 /* Build configuration list for PBXNativeTarget "IOS界面" */;
			buildPhases = (
				A002E72D2268A26A00029FA4 /* Sources */,
				A002E72E2268A26A00029FA4 /* Frameworks */,
				A002E72F2268A26A00029FA4 /* Resources */,
			);
			buildRules = (
			);
			dependencies = (
			);
			name = "IOS界面";
			productName = "IOS界面";
			productReference = A002E7312268A26A00029FA4 /* IOS界面.app */;
			productType = "com.apple.product-type.application";
		};
/* End PBXNativeTarget section */

/* Begin PBXProject section */
		A002E7292268A26A00029FA4 /* Project object */ = {
			isa = PBXProject;
			attributes = {
				LastUpgradeCheck = 1020;
				ORGANIZATIONNAME = fanky_c;
				TargetAttributes = {
					A002E7302268A26A00029FA4 = {
						CreatedOnToolsVersion = 10.2;
					};
				};
			};
			buildConfigurationList = A002E72C2268A26A00029FA4 /* Build configuration list for PBXProject "IOS界面" */;
			compatibilityVersion = "Xcode 9.3";
			developmentRegion = en;
			hasScannedForEncodings = 0;
			knownRegions = (
				en,
				Base,
			);
			mainGroup = A002E7282268A26A00029FA4;
			productRefGroup = A002E7322268A26A00029FA4 /* Products */;
			projectDirPath = "";
			projectRoot = "";
			targets = (
				A002E7302268A26A00029FA4 /* IOS界面 */,
			);
		};
/* End PBXProject section */

/* Begin PBXResourcesBuildPhase section */
		A002E72F2268A26A00029FA4 /* Resources */ = {
			isa = PBXResourcesBuildPhase;
			buildActionMask = 2147483647;
			files = (
				A01C77CE2275994B00EB019C /* obama.jpg in Resources */,
				A002E7412268A26E00029FA4 /* LaunchScreen.storyboard in Resources */,
				A01C77D92276D46D00EB019C /* gif.gif in Resources */,
				A01C77E32277E53A00EB019C /* Documents5.png in Resources */,
				A01C77E62277E53A00EB019C /* Documents1.png in Resources */,
				A002E73E2268A26E00029FA4 /* Assets.xcassets in Resources */,
				A01C77E52277E53A00EB019C /* Documents2.png in Resources */,
				A01C77E22277E53A00EB019C /* Documents3.png in Resources */,
				A002E73C2268A26A00029FA4 /* Main.storyboard in Resources */,
				A01C77E42277E53A00EB019C /* Documents4.png in Resources */,
			);
			runOnlyForDeploymentPostprocessing = 0;
		};
/* End PBXResourcesBuildPhase section */

/* Begin PBXSourcesBuildPhase section */
		A002E72D2268A26A00029FA4 /* Sources */ = {
			isa = PBXSourcesBuildPhase;
			buildActionMask = 2147483647;
			files = (
				A01C77CC22747BD500EB019C /* UIImageViewController.m in Sources */,
				A023BEB4226B34A700DD92A9 /* UiView.m in Sources */,
				A002E7392268A26A00029FA4 /* ViewController.m in Sources */,
				A002E7442268A26E00029FA4 /* main.m in Sources */,
				A01C77DC227729E400EB019C /* UIImageViewController2.m in Sources */,
				A01C77C92274410B00EB019C /* UILabelViewController.m in Sources */,
				A002E7362268A26A00029FA4 /* AppDelegate.m in Sources */,
			);
			runOnlyForDeploymentPostprocessing = 0;
		};
/* End PBXSourcesBuildPhase section */

/* Begin PBXVariantGroup section */
		A002E73A2268A26A00029FA4 /* Main.storyboard */ = {
			isa = PBXVariantGroup;
			children = (
				A002E73B2268A26A00029FA4 /* Base */,
			);
			name = Main.storyboard;
			sourceTree = "<group>";
		};
		A002E73F2268A26E00029FA4 /* LaunchScreen.storyboard */ = {
			isa = PBXVariantGroup;
			children = (
				A002E7402268A26E00029FA4 /* Base */,
			);
			name = LaunchScreen.storyboard;
			sourceTree = "<group>";
		};
/* End PBXVariantGroup section */

/* Begin XCBuildConfiguration section */
		A002E7452268A26E00029FA4 /* Debug */ = {
			isa = XCBuildConfiguration;
			buildSettings = {
				ALWAYS_SEARCH_USER_PATHS = NO;
				CLANG_ANALYZER_NONNULL = YES;
				CLANG_ANALYZER_NUMBER_OBJECT_CONVERSION = YES_AGGRESSIVE;
				CLANG_CXX_LANGUAGE_STANDARD = "gnu++14";
				CLANG_CXX_LIBRARY = "libc++";
				CLANG_ENABLE_MODULES = YES;
				CLANG_ENABLE_OBJC_ARC = YES;
				CLANG_ENABLE_OBJC_WEAK = YES;
				CLANG_WARN_BLOCK_CAPTURE_AUTORELEASING = YES;
				CLANG_WARN_BOOL_CONVERSION = YES;
				CLANG_WARN_COMMA = YES;
				CLANG_WARN_CONSTANT_CONVERSION = YES;
				CLANG_WARN_DEPRECATED_OBJC_IMPLEMENTATIONS = YES;
				CLANG_WARN_DIRECT_OBJC_ISA_USAGE = YES_ERROR;
				CLANG_WARN_DOCUMENTATION_COMMENTS = YES;
				CLANG_WARN_EMPTY_BODY = YES;
				CLANG_WARN_ENUM_CONVERSION = YES;
				CLANG_WARN_INFINITE_RECURSION = YES;
				CLANG_WARN_INT_CONVERSION = YES;
				CLANG_WARN_NON_LITERAL_NULL_CONVERSION = YES;
				CLANG_WARN_OBJC_IMPLICIT_RETAIN_SELF = YES;
				CLANG_WARN_OBJC_LITERAL_CONVERSION = YES;
				CLANG_WARN_OBJC_ROOT_CLASS = YES_ERROR;
				CLANG_WARN_RANGE_LOOP_ANALYSIS = YES;
				CLANG_WARN_STRICT_PROTOTYPES = YES;
				CLANG_WARN_SUSPICIOUS_MOVE = YES;
				CLANG_WARN_UNGUARDED_AVAILABILITY = YES_AGGRESSIVE;
				CLANG_WARN_UNREACHABLE_CODE = YES;
				CLANG_WARN__DUPLICATE_METHOD_MATCH = YES;
				CODE_SIGN_IDENTITY = "iPhone Developer";
				COPY_PHASE_STRIP = NO;
				DEBUG_INFORMATION_FORMAT = dwarf;
				ENABLE_STRICT_OBJC_MSGSEND = YES;
				ENABLE_TESTABILITY = YES;
				GCC_C_LANGUAGE_STANDARD = gnu11;
				GCC_DYNAMIC_NO_PIC = NO;
				GCC_NO_COMMON_BLOCKS = YES;
				GCC_OPTIMIZATION_LEVEL = 0;
				GCC_PREPROCESSOR_DEFINITIONS = (
					"DEBUG=1",
					"$(inherited)",
				);
				GCC_WARN_64_TO_32_BIT_CONVERSION = YES;
				GCC_WARN_ABOUT_RETURN_TYPE = YES_ERROR;
				GCC_WARN_UNDECLARED_SELECTOR = YES;
				GCC_WARN_UNINITIALIZED_AUTOS = YES_AGGRESSIVE;
				GCC_WARN_UNUSED_FUNCTION = YES;
				GCC_WARN_UNUSED_VARIABLE = YES;
				IPHONEOS_DEPLOYMENT_TARGET = 12.2;
				MTL_ENABLE_DEBUG_INFO = INCLUDE_SOURCE;
				MTL_FAST_MATH = YES;
				ONLY_ACTIVE_ARCH = YES;
				SDKROOT = iphoneos;
			};
			name = Debug;
		};
		A002E7462268A26E00029FA4 /* Release */ = {
			isa = XCBuildConfiguration;
			buildSettings = {
				ALWAYS_SEARCH_USER_PATHS = NO;
				CLANG_ANALYZER_NONNULL = YES;
				CLANG_ANALYZER_NUMBER_OBJECT_CONVERSION = YES_AGGRESSIVE;
				CLANG_CXX_LANGUAGE_STANDARD = "gnu++14";
				CLANG_CXX_LIBRARY = "libc++";
				CLANG_ENABLE_MODULES = YES;
				CLANG_ENABLE_OBJC_ARC = YES;
				CLANG_ENABLE_OBJC_WEAK = YES;
				CLANG_WARN_BLOCK_CAPTURE_AUTORELEASING = YES;
				CLANG_WARN_BOOL_CONVERSION = YES;
				CLANG_WARN_COMMA = YES;
				CLANG_WARN_CONSTANT_CONVERSION = YES;
				CLANG_WARN_DEPRECATED_OBJC_IMPLEMENTATIONS = YES;
				CLANG_WARN_DIRECT_OBJC_ISA_USAGE = YES_ERROR;
				CLANG_WARN_DOCUMENTATION_COMMENTS = YES;
				CLANG_WARN_EMPTY_BODY = YES;
				CLANG_WARN_ENUM_CONVERSION = YES;
				CLANG_WARN_INFINITE_RECURSION = YES;
				CLANG_WARN_INT_CONVERSION = YES;
				CLANG_WARN_NON_LITERAL_NULL_CONVERSION = YES;
				CLANG_WARN_OBJC_IMPLICIT_RETAIN_SELF = YES;
				CLANG_WARN_OBJC_LITERAL_CONVERSION = YES;
				CLANG_WARN_OBJC_ROOT_CLASS = YES_ERROR;
				CLANG_WARN_RANGE_LOOP_ANALYSIS = YES;
				CLANG_WARN_STRICT_PROTOTYPES = YES;
				CLANG_WARN_SUSPICIOUS_MOVE = YES;
				CLANG_WARN_UNGUARDED_AVAILABILITY = YES_AGGRESSIVE;
				CLANG_WARN_UNREACHABLE_CODE = YES;
				CLANG_WARN__DUPLICATE_METHOD_MATCH = YES;
				CODE_SIGN_IDENTITY = "iPhone Developer";
				COPY_PHASE_STRIP = NO;
				DEBUG_INFORMATION_FORMAT = "dwarf-with-dsym";
				ENABLE_NS_ASSERTIONS = NO;
				ENABLE_STRICT_OBJC_MSGSEND = YES;
				GCC_C_LANGUAGE_STANDARD = gnu11;
				GCC_NO_COMMON_BLOCKS = YES;
				GCC_WARN_64_TO_32_BIT_CONVERSION = YES;
				GCC_WARN_ABOUT_RETURN_TYPE = YES_ERROR;
				GCC_WARN_UNDECLARED_SELECTOR = YES;
				GCC_WARN_UNINITIALIZED_AUTOS = YES_AGGRESSIVE;
				GCC_WARN_UNUSED_FUNCTION = YES;
				GCC_WARN_UNUSED_VARIABLE = YES;
				IPHONEOS_DEPLOYMENT_TARGET = 12.2;
				MTL_ENABLE_DEBUG_INFO = NO;
				MTL_FAST_MATH = YES;
				SDKROOT = iphoneos;
				VALIDATE_PRODUCT = YES;
			};
			name = Release;
		};
		A002E7482268A26E00029FA4 /* Debug */ = {
			isa = XCBuildConfiguration;
			buildSettings = {
				ASSETCATALOG_COMPILER_APPICON_NAME = AppIcon;
				CODE_SIGN_STYLE = Automatic;
				INFOPLIST_FILE = "IOS界面/Info.plist";
				LD_RUNPATH_SEARCH_PATHS = (
					"$(inherited)",
					"@executable_path/Frameworks",
				);
				PRODUCT_BUNDLE_IDENTIFIER = "netease.IOS--";
				PRODUCT_NAME = "$(TARGET_NAME)";
				TARGETED_DEVICE_FAMILY = "1,2";
			};
			name = Debug;
		};
		A002E7492268A26E00029FA4 /* Release */ = {
			isa = XCBuildConfiguration;
			buildSettings = {
				ASSETCATALOG_COMPILER_APPICON_NAME = AppIcon;
				CODE_SIGN_STYLE = Automatic;
				INFOPLIST_FILE = "IOS界面/Info.plist";
				LD_RUNPATH_SEARCH_PATHS = (
					"$(inherited)",
					"@executable_path/Frameworks",
				);
				PRODUCT_BUNDLE_IDENTIFIER = "netease.IOS--";
				PRODUCT_NAME = "$(TARGET_NAME)";
				TARGETED_DEVICE_FAMILY = "1,2";
			};
			name = Release;
		};
/* End XCBuildConfiguration section */

/* Begin XCConfigurationList section */
		A002E72C2268A26A00029FA4 /* Build configuration list for PBXProject "IOS界面" */ = {
			isa = XCConfigurationList;
			buildConfigurations = (
				A002E7452268A26E00029FA4 /* Debug */,
				A002E7462268A26E00029FA4 /* Release */,
			);
			defaultConfigurationIsVisible = 0;
			defaultConfigurationName = Release;
		};
		A002E7472268A26E00029FA4 /* Build configuration list for PBXNativeTarget "IOS界面" */ = {
			isa = XCConfigurationList;
			buildConfigurations = (
				A002E7482268A26E00029FA4 /* Debug */,
				A002E7492268A26E00029FA4 /* Release */,
			);
			defaultConfigurationIsVisible = 0;
			defaultConfigurationName = Release;
		};
/* End XCConfigurationList section */
	};
	rootObject = A002E7292268A26A00029FA4 /* Project object */;
}
